
Microsoft Visual Studio Solution File, Format Version 12.00
# Visual Studio Version 16
VisualStudioVersion = 16.0.31424.327
MinimumVisualStudioVersion = 10.0.40219.1
Project("{2150E333-8FDC-42A3-9474-1A3956D46DE8}") = "Framework", "Framework", "{BCADBC0D-E05F-47C4-AB7E-49E1E297182D}"
EndProject
Project("{FAE04EC0-301F-11D3-BF4B-00C04F79EFBC}") = "Entities.Sample", "Entities.Sample\Entities.Sample.csproj", "{6A8CE8EC-7961-4CEC-A2DF-F6224159C71B}"
EndProject
Project("{2150E333-8FDC-42A3-9474-1A3956D46DE8}") = "BusinessLibraries", "BusinessLibraries", "{8CED559E-B77E-46A6-A514-B51C9C1B5FE8}"
EndProject
Project("{FAE04EC0-301F-11D3-BF4B-00C04F79EFBC}") = "Sample.SalesService", "Sample.SalesService\Sample.SalesService.csproj", "{8F361E8D-06EC-48B6-B0CD-5EDC70151223}"
EndProject
Project("{FAE04EC0-301F-11D3-BF4B-00C04F79EFBC}") = "MVCSampleCRUD", "MVCSampleCRUD\MVCSampleCRUD.csproj", "{D3A4236F-DEEC-4F00-A1EA-2FAF1AEA1202}"
EndProject
Global
	GlobalSection(SolutionConfigurationPlatforms) = preSolution
		Debug|Any CPU = Debug|Any CPU
		Release|Any CPU = Release|Any CPU
	EndGlobalSection
	GlobalSection(ProjectConfigurationPlatforms) = postSolution
		{6A8CE8EC-7961-4CEC-A2DF-F6224159C71B}.Debug|Any CPU.ActiveCfg = Debug|Any CPU
		{6A8CE8EC-7961-4CEC-A2DF-F6224159C71B}.Debug|Any CPU.Build.0 = Debug|Any CPU
		{6A8CE8EC-7961-4CEC-A2DF-F6224159C71B}.Release|Any CPU.ActiveCfg = Release|Any CPU
		{6A8CE8EC-7961-4CEC-A2DF-F6224159C71B}.Release|Any CPU.Build.0 = Release|Any CPU
		{8F361E8D-06EC-48B6-B0CD-5EDC70151223}.Debug|Any CPU.ActiveCfg = Debug|Any CPU
		{8F361E8D-06EC-48B6-B0CD-5EDC70151223}.Debug|Any CPU.Build.0 = Debug|Any CPU
		{8F361E8D-06EC-48B6-B0CD-5EDC70151223}.Release|Any CPU.ActiveCfg = Release|Any CPU
		{8F361E8D-06EC-48B6-B0CD-5EDC70151223}.Release|Any CPU.Build.0 = Release|Any CPU
		{D3A4236F-DEEC-4F00-A1EA-2FAF1AEA1202}.Debug|Any CPU.ActiveCfg = Debug|Any CPU
		{D3A4236F-DEEC-4F00-A1EA-2FAF1AEA1202}.Debug|Any CPU.Build.0 = Debug|Any CPU
		{D3A4236F-DEEC-4F00-A1EA-2FAF1AEA1202}.Release|Any CPU.ActiveCfg = Release|Any CPU
		{D3A4236F-DEEC-4F00-A1EA-2FAF1AEA1202}.Release|Any CPU.Build.0 = Release|Any CPU
	EndGlobalSection
	GlobalSection(SolutionProperties) = preSolution
		HideSolutionNode = FALSE
	EndGlobalSection
	GlobalSection(NestedProjects) = preSolution
		{6A8CE8EC-7961-4CEC-A2DF-F6224159C71B} = {BCADBC0D-E05F-47C4-AB7E-49E1E297182D}
		{8F361E8D-06EC-48B6-B0CD-5EDC70151223} = {8CED559E-B77E-46A6-A514-B51C9C1B5FE8}
	EndGlobalSection
	GlobalSection(ExtensibilityGlobals) = postSolution
		SolutionGuid = {8B0A1824-0C97-47FD-BC0E-F8F2D95245E4}
	EndGlobalSection
EndGlobal
